// !$*UTF8*$!
{
	archiveVersion = 1;
	classes = {
	};
	objectVersion = 46;
	objects = {

/* Begin PBXBuildFile section */
		1F65B18E1B7282F100B5EE74 /* AppDelegate.swift in Sources */ = {isa = PBXBuildFile; fileRef = 1F65B18D1B7282F100B5EE74 /* AppDelegate.swift */; };
		1F65B1901B7282F100B5EE74 /* ViewController.swift in Sources */ = {isa = PBXBuildFile; fileRef = 1F65B18F1B7282F100B5EE74 /* ViewController.swift */; };
		1F65B1951B7282F100B5EE74 /* Images.xcassets in Resources */ = {isa = PBXBuildFile; fileRef = 1F65B1941B7282F100B5EE74 /* Images.xcassets */; };
		1F65B1B01B72887600B5EE74 /* OnboardViewController.swift in Sources */ = {isa = PBXBuildFile; fileRef = 1F65B1AF1B72887600B5EE74 /* OnboardViewController.swift */; };
		1F65B1B21B7288C600B5EE74 /* Config.swift in Sources */ = {isa = PBXBuildFile; fileRef = 1F65B1B11B7288C600B5EE74 /* Config.swift */; };
		1F65B1B41B728DBA00B5EE74 /* GTWalsheimPro-BoldOblique.otf in Resources */ = {isa = PBXBuildFile; fileRef = 1F65B1B31B728CBB00B5EE74 /* GTWalsheimPro-BoldOblique.otf */; };
		1F65B1B61B72934100B5EE74 /* GTWalsheimPro.otf in Resources */ = {isa = PBXBuildFile; fileRef = 1F65B1B51B72934100B5EE74 /* GTWalsheimPro.otf */; };
		1F65B1BA1B729C5C00B5EE74 /* AssetsLibrary.framework in Frameworks */ = {isa = PBXBuildFile; fileRef = 1F65B1B91B729C5C00B5EE74 /* AssetsLibrary.framework */; };
		1F65B1BC1B729CCD00B5EE74 /* Photos.framework in Frameworks */ = {isa = PBXBuildFile; fileRef = 1F65B1BB1B729CCD00B5EE74 /* Photos.framework */; };
/* End PBXBuildFile section */

/* Begin PBXFileReference section */
		1F65B1881B7282F100B5EE74 /* enhance.app */ = {isa = PBXFileReference; explicitFileType = wrapper.application; includeInIndex = 0; path = enhance.app; sourceTree = BUILT_PRODUCTS_DIR; };
		1F65B18C1B7282F100B5EE74 /* Info.plist */ = {isa = PBXFileReference; lastKnownFileType = text.plist.xml; path = Info.plist; sourceTree = "<group>"; };
		1F65B18D1B7282F100B5EE74 /* AppDelegate.swift */ = {isa = PBXFileReference; lastKnownFileType = sourcecode.swift; path = AppDelegate.swift; sourceTree = "<group>"; };
		1F65B18F1B7282F100B5EE74 /* ViewController.swift */ = {isa = PBXFileReference; lastKnownFileType = sourcecode.swift; path = ViewController.swift; sourceTree = "<group>"; };
		1F65B1941B7282F100B5EE74 /* Images.xcassets */ = {isa = PBXFileReference; lastKnownFileType = folder.assetcatalog; path = Images.xcassets; sourceTree = "<group>"; };
		1F65B1A21B7282F100B5EE74 /* Info.plist */ = {isa = PBXFileReference; lastKnownFileType = text.plist.xml; path = Info.plist; sourceTree = "<group>"; };
		1F65B1A31B7282F100B5EE74 /* enhanceTests.swift */ = {isa = PBXFileReference; lastKnownFileType = sourcecode.swift; path = enhanceTests.swift; sourceTree = "<group>"; };
		1F65B1AF1B72887600B5EE74 /* OnboardViewController.swift */ = {isa = PBXFileReference; fileEncoding = 4; lastKnownFileType = sourcecode.swift; name = OnboardViewController.swift; path = Controllers/OnboardViewController.swift; sourceTree = "<group>"; };
		1F65B1B11B7288C600B5EE74 /* Config.swift */ = {isa = PBXFileReference; fileEncoding = 4; lastKnownFileType = sourcecode.swift; path = Config.swift; sourceTree = "<group>"; };
		1F65B1B31B728CBB00B5EE74 /* GTWalsheimPro-BoldOblique.otf */ = {isa = PBXFileReference; lastKnownFileType = file; path = "GTWalsheimPro-BoldOblique.otf"; sourceTree = "<group>"; };
		1F65B1B51B72934100B5EE74 /* GTWalsheimPro.otf */ = {isa = PBXFileReference; lastKnownFileType = file; path = GTWalsheimPro.otf; sourceTree = "<group>"; };
		1F65B1B91B729C5C00B5EE74 /* AssetsLibrary.framework */ = {isa = PBXFileReference; lastKnownFileType = wrapper.framework; name = AssetsLibrary.framework; path = System/Library/Frameworks/AssetsLibrary.framework; sourceTree = SDKROOT; };
		1F65B1BB1B729CCD00B5EE74 /* Photos.framework */ = {isa = PBXFileReference; lastKnownFileType = wrapper.framework; name = Photos.framework; path = System/Library/Frameworks/Photos.framework; sourceTree = SDKROOT; };
/* End PBXFileReference section */

/* Begin PBXFrameworksBuildPhase section */
		1F65B1851B7282F100B5EE74 /* Frameworks */ = {
			isa = PBXFrameworksBuildPhase;
			buildActionMask = 2147483647;
			files = (
				1F65B1BC1B729CCD00B5EE74 /* Photos.framework in Frameworks */,
				1F65B1BA1B729C5C00B5EE74 /* AssetsLibrary.framework in Frameworks */,
			);
			runOnlyForDeploymentPostprocessing = 0;
		};
/* End PBXFrameworksBuildPhase section */

/* Begin PBXGroup section */
		1F65B17F1B7282F100B5EE74 = {
			isa = PBXGroup;
			children = (
				1F65B1BB1B729CCD00B5EE74 /* Photos.framework */,
				1F65B1B91B729C5C00B5EE74 /* AssetsLibrary.framework */,
				1F65B18A1B7282F100B5EE74 /* enhance */,
				1F65B1A01B7282F100B5EE74 /* enhanceTests */,
				1F65B1891B7282F100B5EE74 /* Products */,
			);
			sourceTree = "<group>";
		};
		1F65B1891B7282F100B5EE74 /* Products */ = {
			isa = PBXGroup;
			children = (
				1F65B1881B7282F100B5EE74 /* enhance.app */,
			);
			name = Products;
			sourceTree = "<group>";
		};
		1F65B18A1B7282F100B5EE74 /* enhance */ = {
			isa = PBXGroup;
			children = (
				1F65B1AE1B72870100B5EE74 /* Views */,
				1F65B1AD1B7286FB00B5EE74 /* Controllers */,
				1F65B18D1B7282F100B5EE74 /* AppDelegate.swift */,
				1F65B18F1B7282F100B5EE74 /* ViewController.swift */,
				1F65B1941B7282F100B5EE74 /* Images.xcassets */,
				1F65B18B1B7282F100B5EE74 /* Supporting Files */,
				1F65B1B11B7288C600B5EE74 /* Config.swift */,
			);
			path = enhance;
			sourceTree = "<group>";
		};
		1F65B18B1B7282F100B5EE74 /* Supporting Files */ = {
			isa = PBXGroup;
			children = (
				1F65B1B51B72934100B5EE74 /* GTWalsheimPro.otf */,
				1F65B1B31B728CBB00B5EE74 /* GTWalsheimPro-BoldOblique.otf */,
				1F65B18C1B7282F100B5EE74 /* Info.plist */,
			);
			name = "Supporting Files";
			sourceTree = "<group>";
		};
		1F65B1A01B7282F100B5EE74 /* enhanceTests */ = {
			isa = PBXGroup;
			children = (
				1F65B1A31B7282F100B5EE74 /* enhanceTests.swift */,
				1F65B1A11B7282F100B5EE74 /* Supporting Files */,
			);
			path = enhanceTests;
			sourceTree = "<group>";
		};
		1F65B1A11B7282F100B5EE74 /* Supporting Files */ = {
			isa = PBXGroup;
			children = (
				1F65B1A21B7282F100B5EE74 /* Info.plist */,
			);
			name = "Supporting Files";
			sourceTree = "<group>";
		};
		1F65B1AD1B7286FB00B5EE74 /* Controllers */ = {
			isa = PBXGroup;
			children = (
				1F65B1AF1B72887600B5EE74 /* OnboardViewController.swift */,
			);
			name = Controllers;
			sourceTree = "<group>";
		};
		1F65B1AE1B72870100B5EE74 /* Views */ = {
			isa = PBXGroup;
			children = (
			);
			name = Views;
			sourceTree = "<group>";
		};
/* End PBXGroup section */

/* Begin PBXNativeTarget section */
		1F65B1871B7282F100B5EE74 /* enhance */ = {
			isa = PBXNativeTarget;
			buildConfigurationList = 1F65B1A71B7282F100B5EE74 /* Build configuration list for PBXNativeTarget "enhance" */;
			buildPhases = (
				1F65B1841B7282F100B5EE74 /* Sources */,
				1F65B1851B7282F100B5EE74 /* Frameworks */,
				1F65B1861B7282F100B5EE74 /* Resources */,
			);
			buildRules = (
			);
			dependencies = (
			);
			name = enhance;
			productName = enhance;
			productReference = 1F65B1881B7282F100B5EE74 /* enhance.app */;
			productType = "com.apple.product-type.application";
		};
/* End PBXNativeTarget section */

/* Begin PBXProject section */
		1F65B1801B7282F100B5EE74 /* Project object */ = {
			isa = PBXProject;
			attributes = {
				LastUpgradeCheck = 0640;
				ORGANIZATIONNAME = "Jeff Hodsdon";
				TargetAttributes = {
					1F65B1871B7282F100B5EE74 = {
						CreatedOnToolsVersion = 6.4;
						DevelopmentTeam = MLZ4UYWFL7;
					};
				};
			};
			buildConfigurationList = 1F65B1831B7282F100B5EE74 /* Build configuration list for PBXProject "enhance" */;
			compatibilityVersion = "Xcode 3.2";
			developmentRegion = English;
			hasScannedForEncodings = 0;
			knownRegions = (
				en,
				Base,
			);
			mainGroup = 1F65B17F1B7282F100B5EE74;
			productRefGroup = 1F65B1891B7282F100B5EE74 /* Products */;
			projectDirPath = "";
			projectRoot = "";
			targets = (
				1F65B1871B7282F100B5EE74 /* enhance */,
			);
		};
/* End PBXProject section */

/* Begin PBXResourcesBuildPhase section */
		1F65B1861B7282F100B5EE74 /* Resources */ = {
			isa = PBXResourcesBuildPhase;
			buildActionMask = 2147483647;
			files = (
				1F65B1B61B72934100B5EE74 /* GTWalsheimPro.otf in Resources */,
				1F65B1B41B728DBA00B5EE74 /* GTWalsheimPro-BoldOblique.otf in Resources */,
				1F65B1951B7282F100B5EE74 /* Images.xcassets in Resources */,
			);
			runOnlyForDeploymentPostprocessing = 0;
		};
/* End PBXResourcesBuildPhase section */

/* Begin PBXSourcesBuildPhase section */
		1F65B1841B7282F100B5EE74 /* Sources */ = {
			isa = PBXSourcesBuildPhase;
			buildActionMask = 2147483647;
			files = (
				1F65B1901B7282F100B5EE74 /* ViewController.swift in Sources */,
				1F65B1B21B7288C600B5EE74 /* Config.swift in Sources */,
				1F65B18E1B7282F100B5EE74 /* AppDelegate.swift in Sources */,
				1F65B1B01B72887600B5EE74 /* OnboardViewController.swift in Sources */,
			);
			runOnlyForDeploymentPostprocessing = 0;
		};
/* End PBXSourcesBuildPhase section */

/* Begin XCBuildConfiguration section */
		1F65B1A51B7282F100B5EE74 /* Debug */ = {
			isa = XCBuildConfiguration;
			buildSettings = {
				ALWAYS_SEARCH_USER_PATHS = NO;
				CLANG_CXX_LANGUAGE_STANDARD = "gnu++0x";
				CLANG_CXX_LIBRARY = "libc++";
				CLANG_ENABLE_MODULES = YES;
				CLANG_ENABLE_OBJC_ARC = YES;
				CLANG_WARN_BOOL_CONVERSION = YES;
				CLANG_WARN_CONSTANT_CONVERSION = YES;
				CLANG_WARN_DIRECT_OBJC_ISA_USAGE = YES_ERROR;
				CLANG_WARN_EMPTY_BODY = YES;
				CLANG_WARN_ENUM_CONVERSION = YES;
				CLANG_WARN_INT_CONVERSION = YES;
				CLANG_WARN_OBJC_ROOT_CLASS = YES_ERROR;
				CLANG_WARN_UNREACHABLE_CODE = YES;
				CLANG_WARN__DUPLICATE_METHOD_MATCH = YES;
				"CODE_SIGN_IDENTITY[sdk=iphoneos*]" = "iPhone Developer";
				COPY_PHASE_STRIP = NO;
				DEBUG_INFORMATION_FORMAT = "dwarf-with-dsym";
				ENABLE_STRICT_OBJC_MSGSEND = YES;
				GCC_C_LANGUAGE_STANDARD = gnu99;
				GCC_DYNAMIC_NO_PIC = NO;
				GCC_NO_COMMON_BLOCKS = YES;
				GCC_OPTIMIZATION_LEVEL = 0;
				GCC_PREPROCESSOR_DEFINITIONS = (
					"DEBUG=1",
					"$(inherited)",
				);
				GCC_SYMBOLS_PRIVATE_EXTERN = NO;
				GCC_WARN_64_TO_32_BIT_CONVERSION = YES;
				GCC_WARN_ABOUT_RETURN_TYPE = YES_ERROR;
				GCC_WARN_UNDECLARED_SELECTOR = YES;
				GCC_WARN_UNINITIALIZED_AUTOS = YES_AGGRESSIVE;
				GCC_WARN_UNUSED_FUNCTION = YES;
				GCC_WARN_UNUSED_VARIABLE = YES;
				IPHONEOS_DEPLOYMENT_TARGET = 8.4;
				MTL_ENABLE_DEBUG_INFO = YES;
				ONLY_ACTIVE_ARCH = YES;
				SDKROOT = iphoneos;
				SWIFT_OPTIMIZATION_LEVEL = "-Onone";
				TARGETED_DEVICE_FAMILY = "1,2";
			};
			name = Debug;
		};
		1F65B1A61B7282F100B5EE74 /* Release */ = {
			isa = XCBuildConfiguration;
			buildSettings = {
				ALWAYS_SEARCH_USER_PATHS = NO;
				CLANG_CXX_LANGUAGE_STANDARD = "gnu++0x";
				CLANG_CXX_LIBRARY = "libc++";
				CLANG_ENABLE_MODULES = YES;
				CLANG_ENABLE_OBJC_ARC = YES;
				CLANG_WARN_BOOL_CONVERSION = YES;
				CLANG_WARN_CONSTANT_CONVERSION = YES;
				CLANG_WARN_DIRECT_OBJC_ISA_USAGE = YES_ERROR;
				CLANG_WARN_EMPTY_BODY = YES;
				CLANG_WARN_ENUM_CONVERSION = YES;
				CLANG_WARN_INT_CONVERSION = YES;
				CLANG_WARN_OBJC_ROOT_CLASS = YES_ERROR;
				CLANG_WARN_UNREACHABLE_CODE = YES;
				CLANG_WARN__DUPLICATE_METHOD_MATCH = YES;
				"CODE_SIGN_IDENTITY[sdk=iphoneos*]" = "iPhone Developer";
				COPY_PHASE_STRIP = NO;
				DEBUG_INFORMATION_FORMAT = "dwarf-with-dsym";
				ENABLE_NS_ASSERTIONS = NO;
				ENABLE_STRICT_OBJC_MSGSEND = YES;
				GCC_C_LANGUAGE_STANDARD = gnu99;
				GCC_NO_COMMON_BLOCKS = YES;
				GCC_WARN_64_TO_32_BIT_CONVERSION = YES;
				GCC_WARN_ABOUT_RETURN_TYPE = YES_ERROR;
				GCC_WARN_UNDECLARED_SELECTOR = YES;
				GCC_WARN_UNINITIALIZED_AUTOS = YES_AGGRESSIVE;
				GCC_WARN_UNUSED_FUNCTION = YES;
				GCC_WARN_UNUSED_VARIABLE = YES;
				IPHONEOS_DEPLOYMENT_TARGET = 8.4;
				MTL_ENABLE_DEBUG_INFO = NO;
				SDKROOT = iphoneos;
				TARGETED_DEVICE_FAMILY = "1,2";
				VALIDATE_PRODUCT = YES;
			};
			name = Release;
		};
		1F65B1A81B7282F100B5EE74 /* Debug */ = {
			isa = XCBuildConfiguration;
			buildSettings = {
				ASSETCATALOG_COMPILER_APPICON_NAME = AppIcon;
				ASSETCATALOG_COMPILER_LAUNCHIMAGE_NAME = LaunchImage;
				CODE_SIGN_IDENTITY = "iPhone Developer";
				INFOPLIST_FILE = enhance/Info.plist;
				IPHONEOS_DEPLOYMENT_TARGET = 8.0;
				LD_RUNPATH_SEARCH_PATHS = "$(inherited) @executable_path/Frameworks";
				PRODUCT_NAME = "$(TARGET_NAME)";
			};
			name = Debug;
		};
		1F65B1A91B7282F100B5EE74 /* Release */ = {
			isa = XCBuildConfiguration;
			buildSettings = {
				ASSETCATALOG_COMPILER_APPICON_NAME = AppIcon;
				ASSETCATALOG_COMPILER_LAUNCHIMAGE_NAME = LaunchImage;
				CODE_SIGN_IDENTITY = "iPhone Developer";
				INFOPLIST_FILE = enhance/Info.plist;
				IPHONEOS_DEPLOYMENT_TARGET = 8.0;
				LD_RUNPATH_SEARCH_PATHS = "$(inherited) @executable_path/Frameworks";
				PRODUCT_NAME = "$(TARGET_NAME)";
			};
			name = Release;
		};
/* End XCBuildConfiguration section */

/* Begin XCConfigurationList section */
		1F65B1831B7282F100B5EE74 /* Build configuration list for PBXProject "enhance" */ = {
			isa = XCConfigurationList;
			buildConfigurations = (
				1F65B1A51B7282F100B5EE74 /* Debug */,
				1F65B1A61B7282F100B5EE74 /* Release */,
			);
			defaultConfigurationIsVisible = 0;
			defaultConfigurationName = Release;
		};
		1F65B1A71B7282F100B5EE74 /* Build configuration list for PBXNativeTarget "enhance" */ = {
			isa = XCConfigurationList;
			buildConfigurations = (
				1F65B1A81B7282F100B5EE74 /* Debug */,
				1F65B1A91B7282F100B5EE74 /* Release */,
			);
			defaultConfigurationIsVisible = 0;
		};
/* End XCConfigurationList section */
	};
	rootObject = 1F65B1801B7282F100B5EE74 /* Project object */;
}
